
Microsoft Visual Studio Solution File, Format Version 12.00
# Visual Studio Version 17
VisualStudioVersion = 17.8.34309.116
MinimumVisualStudioVersion = 10.0.40219.1
Project("{FAE04EC0-301F-11D3-BF4B-00C04F79EFBC}") = "Practical1", "Practical1.csproj", "{46B95E8C-C35B-49D9-B5E8-28F7F42593F4}"
EndProject
Global
	GlobalSection(SolutionConfigurationPlatforms) = preSolution
		Debug|Any CPU = Debug|Any CPU
		Release|Any CPU = Release|Any CPU
	EndGlobalSection
	GlobalSection(ProjectConfigurationPlatforms) = postSolution
		{46B95E8C-C35B-49D9-B5E8-28F7F42593F4}.Debug|Any CPU.ActiveCfg = Debug|Any CPU
		{46B95E8C-C35B-49D9-B5E8-28F7F42593F4}.Debug|Any CPU.Build.0 = Debug|Any CPU
		{46B95E8C-C35B-49D9-B5E8-28F7F42593F4}.Release|Any CPU.ActiveCfg = Release|Any CPU
		{46B95E8C-C35B-49D9-B5E8-28F7F42593F4}.Release|Any CPU.Build.0 = Release|Any CPU
	EndGlobalSection
	GlobalSection(SolutionProperties) = preSolution
		HideSolutionNode = FALSE
	EndGlobalSection
	GlobalSection(ExtensibilityGlobals) = postSolution
		SolutionGuid = {D7A66B22-5C21-4156-B118-0E37FEF630CB}
	EndGlobalSection
EndGlobal
